<Solution>
  <Folder Name="/src/">
    <Project Path="src/AdminApi/AdminApi.csproj" />
    <Project Path="src/BalenaOrchestrator/BalenaOrchestrator.csproj" />
    <Project Path="src/Platform.Data/Platform.Data.csproj" />
    <Project Path="src/PolicyApi/PolicyApi.csproj" />
    <Project Path="src/Shared.Contracts/Shared.Contracts.csproj" />
  </Folder>
</Solution>
